
Microsoft Visual Studio Solution File, Format Version 12.00
# Visual Studio 15
VisualStudioVersion = 15.0.27130.2026
MinimumVisualStudioVersion = 10.0.40219.1
Project("{2150E333-8FDC-42A3-9474-1A3956D46DE8}") = "Engine", "Engine", "{20763545-3A80-42B5-9ECC-E20BFDB70898}"
EndProject
Project("{2150E333-8FDC-42A3-9474-1A3956D46DE8}") = "Games", "Games", "{FF8BBA52-3E97-4883-AFA0-0947B73F22C1}"
EndProject
Project("{8BC9CEB8-8B4A-11D0-8D11-00A0C91BC942}") = "UE4", "Intermediate\ProjectFiles\UE4.vcxproj", "{34B1813F-F5B0-4BFF-AC4A-9105F9029368}"
EndProject
Project("{8BC9CEB8-8B4A-11D0-8D11-00A0C91BC942}") = "BattleTank", "Intermediate\ProjectFiles\BattleTank.vcxproj", "{F5A4707A-BD57-4D91-BFE4-794E0181D43B}"
EndProject
Global
	GlobalSection(SolutionConfigurationPlatforms) = preSolution
		DebugGame Editor|HTML5 = DebugGame Editor|HTML5
		DebugGame Editor|IOS = DebugGame Editor|IOS
		DebugGame Editor|Win32 = DebugGame Editor|Win32
		DebugGame Editor|Win64 = DebugGame Editor|Win64
		DebugGame|HTML5 = DebugGame|HTML5
		DebugGame|IOS = DebugGame|IOS
		DebugGame|Win32 = DebugGame|Win32
		DebugGame|Win64 = DebugGame|Win64
		Development Editor|HTML5 = Development Editor|HTML5
		Development Editor|IOS = Development Editor|IOS
		Development Editor|Win32 = Development Editor|Win32
		Development Editor|Win64 = Development Editor|Win64
		Development|HTML5 = Development|HTML5
		Development|IOS = Development|IOS
		Development|Win32 = Development|Win32
		Development|Win64 = Development|Win64
		Shipping|HTML5 = Shipping|HTML5
		Shipping|IOS = Shipping|IOS
		Shipping|Win32 = Shipping|Win32
		Shipping|Win64 = Shipping|Win64
	EndGlobalSection
	GlobalSection(ProjectConfigurationPlatforms) = postSolution
		{34B1813F-F5B0-4BFF-AC4A-9105F9029368}.DebugGame Editor|HTML5.ActiveCfg = BuiltWithUnrealBuildTool|Win32
		{34B1813F-F5B0-4BFF-AC4A-9105F9029368}.DebugGame Editor|HTML5.Build.0 = BuiltWithUnrealBuildTool|Win32
		{34B1813F-F5B0-4BFF-AC4A-9105F9029368}.DebugGame Editor|IOS.ActiveCfg = BuiltWithUnrealBuildTool|Win32
		{34B1813F-F5B0-4BFF-AC4A-9105F9029368}.DebugGame Editor|IOS.Build.0 = BuiltWithUnrealBuildTool|Win32
		{34B1813F-F5B0-4BFF-AC4A-9105F9029368}.DebugGame Editor|Win32.ActiveCfg = BuiltWithUnrealBuildTool|Win32
		{34B1813F-F5B0-4BFF-AC4A-9105F9029368}.DebugGame Editor|Win32.Build.0 = BuiltWithUnrealBuildTool|Win32
		{34B1813F-F5B0-4BFF-AC4A-9105F9029368}.DebugGame Editor|Win64.ActiveCfg = BuiltWithUnrealBuildTool|Win32
		{34B1813F-F5B0-4BFF-AC4A-9105F9029368}.DebugGame Editor|Win64.Build.0 = BuiltWithUnrealBuildTool|Win32
		{34B1813F-F5B0-4BFF-AC4A-9105F9029368}.DebugGame|HTML5.ActiveCfg = BuiltWithUnrealBuildTool|Win32
		{34B1813F-F5B0-4BFF-AC4A-9105F9029368}.DebugGame|HTML5.Build.0 = BuiltWithUnrealBuildTool|Win32
		{34B1813F-F5B0-4BFF-AC4A-9105F9029368}.DebugGame|IOS.ActiveCfg = BuiltWithUnrealBuildTool|Win32
		{34B1813F-F5B0-4BFF-AC4A-9105F9029368}.DebugGame|IOS.Build.0 = BuiltWithUnrealBuildTool|Win32
		{34B1813F-F5B0-4BFF-AC4A-9105F9029368}.DebugGame|Win32.ActiveCfg = BuiltWithUnrealBuildTool|Win32
		{34B1813F-F5B0-4BFF-AC4A-9105F9029368}.DebugGame|Win32.Build.0 = BuiltWithUnrealBuildTool|Win32
		{34B1813F-F5B0-4BFF-AC4A-9105F9029368}.DebugGame|Win64.ActiveCfg = BuiltWithUnrealBuildTool|Win32
		{34B1813F-F5B0-4BFF-AC4A-9105F9029368}.DebugGame|Win64.Build.0 = BuiltWithUnrealBuildTool|Win32
		{34B1813F-F5B0-4BFF-AC4A-9105F9029368}.Development Editor|HTML5.ActiveCfg = BuiltWithUnrealBuildTool|Win32
		{34B1813F-F5B0-4BFF-AC4A-9105F9029368}.Development Editor|HTML5.Build.0 = BuiltWithUnrealBuildTool|Win32
		{34B1813F-F5B0-4BFF-AC4A-9105F9029368}.Development Editor|IOS.ActiveCfg = BuiltWithUnrealBuildTool|Win32
		{34B1813F-F5B0-4BFF-AC4A-9105F9029368}.Development Editor|IOS.Build.0 = BuiltWithUnrealBuildTool|Win32
		{34B1813F-F5B0-4BFF-AC4A-9105F9029368}.Development Editor|Win32.ActiveCfg = BuiltWithUnrealBuildTool|Win32
		{34B1813F-F5B0-4BFF-AC4A-9105F9029368}.Development Editor|Win32.Build.0 = BuiltWithUnrealBuildTool|Win32
		{34B1813F-F5B0-4BFF-AC4A-9105F9029368}.Development Editor|Win64.ActiveCfg = BuiltWithUnrealBuildTool|Win32
		{34B1813F-F5B0-4BFF-AC4A-9105F9029368}.Development Editor|Win64.Build.0 = BuiltWithUnrealBuildTool|Win32
		{34B1813F-F5B0-4BFF-AC4A-9105F9029368}.Development|HTML5.ActiveCfg = BuiltWithUnrealBuildTool|Win32
		{34B1813F-F5B0-4BFF-AC4A-9105F9029368}.Development|HTML5.Build.0 = BuiltWithUnrealBuildTool|Win32
		{34B1813F-F5B0-4BFF-AC4A-9105F9029368}.Development|IOS.ActiveCfg = BuiltWithUnrealBuildTool|Win32
		{34B1813F-F5B0-4BFF-AC4A-9105F9029368}.Development|IOS.Build.0 = BuiltWithUnrealBuildTool|Win32
		{34B1813F-F5B0-4BFF-AC4A-9105F9029368}.Development|Win32.ActiveCfg = BuiltWithUnrealBuildTool|Win32
		{34B1813F-F5B0-4BFF-AC4A-9105F9029368}.Development|Win32.Build.0 = BuiltWithUnrealBuildTool|Win32
		{34B1813F-F5B0-4BFF-AC4A-9105F9029368}.Development|Win64.ActiveCfg = BuiltWithUnrealBuildTool|Win32
		{34B1813F-F5B0-4BFF-AC4A-9105F9029368}.Development|Win64.Build.0 = BuiltWithUnrealBuildTool|Win32
		{34B1813F-F5B0-4BFF-AC4A-9105F9029368}.Shipping|HTML5.ActiveCfg = BuiltWithUnrealBuildTool|Win32
		{34B1813F-F5B0-4BFF-AC4A-9105F9029368}.Shipping|HTML5.Build.0 = BuiltWithUnrealBuildTool|Win32
		{34B1813F-F5B0-4BFF-AC4A-9105F9029368}.Shipping|IOS.ActiveCfg = BuiltWithUnrealBuildTool|Win32
		{34B1813F-F5B0-4BFF-AC4A-9105F9029368}.Shipping|IOS.Build.0 = BuiltWithUnrealBuildTool|Win32
		{34B1813F-F5B0-4BFF-AC4A-9105F9029368}.Shipping|Win32.ActiveCfg = BuiltWithUnrealBuildTool|Win32
		{34B1813F-F5B0-4BFF-AC4A-9105F9029368}.Shipping|Win32.Build.0 = BuiltWithUnrealBuildTool|Win32
		{34B1813F-F5B0-4BFF-AC4A-9105F9029368}.Shipping|Win64.ActiveCfg = BuiltWithUnrealBuildTool|Win32
		{34B1813F-F5B0-4BFF-AC4A-9105F9029368}.Shipping|Win64.Build.0 = BuiltWithUnrealBuildTool|Win32
		{F5A4707A-BD57-4D91-BFE4-794E0181D43B}.DebugGame Editor|HTML5.ActiveCfg = HTML5_DebugGame_Editor|Win32
		{F5A4707A-BD57-4D91-BFE4-794E0181D43B}.DebugGame Editor|IOS.ActiveCfg = IOS_DebugGame_Editor|Win32
		{F5A4707A-BD57-4D91-BFE4-794E0181D43B}.DebugGame Editor|Win32.ActiveCfg = DebugGame_Editor|Win32
		{F5A4707A-BD57-4D91-BFE4-794E0181D43B}.DebugGame Editor|Win64.ActiveCfg = DebugGame_Editor|x64
		{F5A4707A-BD57-4D91-BFE4-794E0181D43B}.DebugGame Editor|Win64.Build.0 = DebugGame_Editor|x64
		{F5A4707A-BD57-4D91-BFE4-794E0181D43B}.DebugGame|HTML5.ActiveCfg = HTML5_DebugGame_Game|Win32
		{F5A4707A-BD57-4D91-BFE4-794E0181D43B}.DebugGame|HTML5.Build.0 = HTML5_DebugGame_Game|Win32
		{F5A4707A-BD57-4D91-BFE4-794E0181D43B}.DebugGame|IOS.ActiveCfg = IOS_DebugGame_Game|Win32
		{F5A4707A-BD57-4D91-BFE4-794E0181D43B}.DebugGame|IOS.Build.0 = IOS_DebugGame_Game|Win32
		{F5A4707A-BD57-4D91-BFE4-794E0181D43B}.DebugGame|Win32.ActiveCfg = DebugGame_Game|Win32
		{F5A4707A-BD57-4D91-BFE4-794E0181D43B}.DebugGame|Win32.Build.0 = DebugGame_Game|Win32
		{F5A4707A-BD57-4D91-BFE4-794E0181D43B}.DebugGame|Win64.ActiveCfg = DebugGame_Game|x64
		{F5A4707A-BD57-4D91-BFE4-794E0181D43B}.DebugGame|Win64.Build.0 = DebugGame_Game|x64
		{F5A4707A-BD57-4D91-BFE4-794E0181D43B}.Development Editor|HTML5.ActiveCfg = HTML5_Development_Editor|Win32
		{F5A4707A-BD57-4D91-BFE4-794E0181D43B}.Development Editor|IOS.ActiveCfg = IOS_Development_Editor|Win32
		{F5A4707A-BD57-4D91-BFE4-794E0181D43B}.Development Editor|Win32.ActiveCfg = Development_Editor|Win32
		{F5A4707A-BD57-4D91-BFE4-794E0181D43B}.Development Editor|Win64.ActiveCfg = Development_Editor|x64
		{F5A4707A-BD57-4D91-BFE4-794E0181D43B}.Development Editor|Win64.Build.0 = Development_Editor|x64
		{F5A4707A-BD57-4D91-BFE4-794E0181D43B}.Development|HTML5.ActiveCfg = HTML5_Development_Game|Win32
		{F5A4707A-BD57-4D91-BFE4-794E0181D43B}.Development|HTML5.Build.0 = HTML5_Development_Game|Win32
		{F5A4707A-BD57-4D91-BFE4-794E0181D43B}.Development|IOS.ActiveCfg = IOS_Development_Game|Win32
		{F5A4707A-BD57-4D91-BFE4-794E0181D43B}.Development|IOS.Build.0 = IOS_Development_Game|Win32
		{F5A4707A-BD57-4D91-BFE4-794E0181D43B}.Development|Win32.ActiveCfg = Development_Game|Win32
		{F5A4707A-BD57-4D91-BFE4-794E0181D43B}.Development|Win32.Build.0 = Development_Game|Win32
		{F5A4707A-BD57-4D91-BFE4-794E0181D43B}.Development|Win64.ActiveCfg = Development_Game|x64
		{F5A4707A-BD57-4D91-BFE4-794E0181D43B}.Development|Win64.Build.0 = Development_Game|x64
		{F5A4707A-BD57-4D91-BFE4-794E0181D43B}.Shipping|HTML5.ActiveCfg = HTML5_Shipping_Game|Win32
		{F5A4707A-BD57-4D91-BFE4-794E0181D43B}.Shipping|HTML5.Build.0 = HTML5_Shipping_Game|Win32
		{F5A4707A-BD57-4D91-BFE4-794E0181D43B}.Shipping|IOS.ActiveCfg = IOS_Shipping_Game|Win32
		{F5A4707A-BD57-4D91-BFE4-794E0181D43B}.Shipping|IOS.Build.0 = IOS_Shipping_Game|Win32
		{F5A4707A-BD57-4D91-BFE4-794E0181D43B}.Shipping|Win32.ActiveCfg = Shipping_Game|Win32
		{F5A4707A-BD57-4D91-BFE4-794E0181D43B}.Shipping|Win32.Build.0 = Shipping_Game|Win32
		{F5A4707A-BD57-4D91-BFE4-794E0181D43B}.Shipping|Win64.ActiveCfg = Shipping_Game|x64
		{F5A4707A-BD57-4D91-BFE4-794E0181D43B}.Shipping|Win64.Build.0 = Shipping_Game|x64
	EndGlobalSection
	GlobalSection(SolutionProperties) = preSolution
		HideSolutionNode = FALSE
	EndGlobalSection
	GlobalSection(NestedProjects) = preSolution
		{34B1813F-F5B0-4BFF-AC4A-9105F9029368} = {20763545-3A80-42B5-9ECC-E20BFDB70898}
		{F5A4707A-BD57-4D91-BFE4-794E0181D43B} = {FF8BBA52-3E97-4883-AFA0-0947B73F22C1}
	EndGlobalSection
	GlobalSection(ExtensibilityGlobals) = postSolution
		SolutionGuid = {66F7B880-7D85-4A91-8FA1-7EAC5BB3D4A7}
	EndGlobalSection
EndGlobal
